
Microsoft Visual Studio Solution File, Format Version 12.00
# Visual Studio Version 16
VisualStudioVersion = 16.0.31205.134
MinimumVisualStudioVersion = 10.0.40219.1
Project("{FAE04EC0-301F-11D3-BF4B-00C04F79EFBC}") = "Infoware.AutoUpdate", "Infoware.AutoUpdate\Infoware.AutoUpdate.csproj", "{11F03D8E-FE88-469E-8308-441DB2BEA53B}"
EndProject
Project("{FAE04EC0-301F-11D3-BF4B-00C04F79EFBC}") = "Infoware.AutoUpdate.GitHub", "Infoware.AutoUpdate.GitHub\Infoware.AutoUpdate.GitHub.csproj", "{2091B6E1-ADAE-42DA-B087-6D651301F808}"
EndProject
Global
	GlobalSection(SolutionConfigurationPlatforms) = preSolution
		Debug|Any CPU = Debug|Any CPU
		Release|Any CPU = Release|Any CPU
	EndGlobalSection
	GlobalSection(ProjectConfigurationPlatforms) = postSolution
		{11F03D8E-FE88-469E-8308-441DB2BEA53B}.Debug|Any CPU.ActiveCfg = Debug|Any CPU
		{11F03D8E-FE88-469E-8308-441DB2BEA53B}.Debug|Any CPU.Build.0 = Debug|Any CPU
		{11F03D8E-FE88-469E-8308-441DB2BEA53B}.Release|Any CPU.ActiveCfg = Release|Any CPU
		{11F03D8E-FE88-469E-8308-441DB2BEA53B}.Release|Any CPU.Build.0 = Release|Any CPU
		{2091B6E1-ADAE-42DA-B087-6D651301F808}.Debug|Any CPU.ActiveCfg = Debug|Any CPU
		{2091B6E1-ADAE-42DA-B087-6D651301F808}.Debug|Any CPU.Build.0 = Debug|Any CPU
		{2091B6E1-ADAE-42DA-B087-6D651301F808}.Release|Any CPU.ActiveCfg = Release|Any CPU
		{2091B6E1-ADAE-42DA-B087-6D651301F808}.Release|Any CPU.Build.0 = Release|Any CPU
	EndGlobalSection
	GlobalSection(SolutionProperties) = preSolution
		HideSolutionNode = FALSE
	EndGlobalSection
	GlobalSection(ExtensibilityGlobals) = postSolution
		SolutionGuid = {5A725583-B351-44BE-AB90-4B28AF2D6229}
	EndGlobalSection
EndGlobal
